// !$*UTF8*$!
{
	archiveVersion = 1;
	classes = {
	};
	objectVersion = 50;
	objects = {

/* Begin PBXBuildFile section */
		4CD1AE8D213537CD00B89B5D /* StatsView.swift in Sources */ = {isa = PBXBuildFile; fileRef = 4CD1AE8C213537CD00B89B5D /* StatsView.swift */; };
		4CD1AE8F21353BFB00B89B5D /* ButtonBag.swift in Sources */ = {isa = PBXBuildFile; fileRef = 4CD1AE8E21353BFB00B89B5D /* ButtonBag.swift */; };
		4CD1AE93213549C500B89B5D /* ScoreCalculator.swift in Sources */ = {isa = PBXBuildFile; fileRef = 4CD1AE92213549C500B89B5D /* ScoreCalculator.swift */; };
		4CD1AE952136A0F800B89B5D /* ModelData.swift in Sources */ = {isa = PBXBuildFile; fileRef = 4CD1AE942136A0F800B89B5D /* ModelData.swift */; };
		4CD1AE972136A22E00B89B5D /* model.json in Resources */ = {isa = PBXBuildFile; fileRef = 4CD1AE962136A22E00B89B5D /* model.json */; };
		4CD1AE9B2137F1AE00B89B5D /* tags.json in Resources */ = {isa = PBXBuildFile; fileRef = 4CD1AE9A2137F1AE00B89B5D /* tags.json */; };
		754BA3D52134366B00FBB2C1 /* AppDelegate.swift in Sources */ = {isa = PBXBuildFile; fileRef = 754BA3D42134366B00FBB2C1 /* AppDelegate.swift */; };
		754BA3D72134366B00FBB2C1 /* ViewController.swift in Sources */ = {isa = PBXBuildFile; fileRef = 754BA3D62134366B00FBB2C1 /* ViewController.swift */; };
		754BA3DA2134366B00FBB2C1 /* Main.storyboard in Resources */ = {isa = PBXBuildFile; fileRef = 754BA3D82134366B00FBB2C1 /* Main.storyboard */; };
		754BA3DC2134366D00FBB2C1 /* Assets.xcassets in Resources */ = {isa = PBXBuildFile; fileRef = 754BA3DB2134366D00FBB2C1 /* Assets.xcassets */; };
		754BA3DF2134366D00FBB2C1 /* LaunchScreen.storyboard in Resources */ = {isa = PBXBuildFile; fileRef = 754BA3DD2134366D00FBB2C1 /* LaunchScreen.storyboard */; };
/* End PBXBuildFile section */

/* Begin PBXFileReference section */
		4CD1AE8C213537CD00B89B5D /* StatsView.swift */ = {isa = PBXFileReference; lastKnownFileType = sourcecode.swift; path = StatsView.swift; sourceTree = "<group>"; };
		4CD1AE8E21353BFB00B89B5D /* ButtonBag.swift */ = {isa = PBXFileReference; lastKnownFileType = sourcecode.swift; path = ButtonBag.swift; sourceTree = "<group>"; };
		4CD1AE92213549C500B89B5D /* ScoreCalculator.swift */ = {isa = PBXFileReference; lastKnownFileType = sourcecode.swift; path = ScoreCalculator.swift; sourceTree = "<group>"; };
		4CD1AE942136A0F800B89B5D /* ModelData.swift */ = {isa = PBXFileReference; lastKnownFileType = sourcecode.swift; path = ModelData.swift; sourceTree = "<group>"; };
		4CD1AE962136A22E00B89B5D /* model.json */ = {isa = PBXFileReference; fileEncoding = 4; lastKnownFileType = text.json; path = model.json; sourceTree = "<group>"; };
		4CD1AE9A2137F1AE00B89B5D /* tags.json */ = {isa = PBXFileReference; fileEncoding = 4; lastKnownFileType = text.json; path = tags.json; sourceTree = "<group>"; };
		754BA3D12134366B00FBB2C1 /* ClientMLiOS.app */ = {isa = PBXFileReference; explicitFileType = wrapper.application; includeInIndex = 0; path = ClientMLiOS.app; sourceTree = BUILT_PRODUCTS_DIR; };
		754BA3D42134366B00FBB2C1 /* AppDelegate.swift */ = {isa = PBXFileReference; lastKnownFileType = sourcecode.swift; path = AppDelegate.swift; sourceTree = "<group>"; };
		754BA3D62134366B00FBB2C1 /* ViewController.swift */ = {isa = PBXFileReference; lastKnownFileType = sourcecode.swift; path = ViewController.swift; sourceTree = "<group>"; };
		754BA3D92134366B00FBB2C1 /* Base */ = {isa = PBXFileReference; lastKnownFileType = file.storyboard; name = Base; path = Base.lproj/Main.storyboard; sourceTree = "<group>"; };
		754BA3DB2134366D00FBB2C1 /* Assets.xcassets */ = {isa = PBXFileReference; lastKnownFileType = folder.assetcatalog; path = Assets.xcassets; sourceTree = "<group>"; };
		754BA3DE2134366D00FBB2C1 /* Base */ = {isa = PBXFileReference; lastKnownFileType = file.storyboard; name = Base; path = Base.lproj/LaunchScreen.storyboard; sourceTree = "<group>"; };
		754BA3E02134366D00FBB2C1 /* Info.plist */ = {isa = PBXFileReference; lastKnownFileType = text.plist.xml; path = Info.plist; sourceTree = "<group>"; };
/* End PBXFileReference section */

/* Begin PBXFrameworksBuildPhase section */
		754BA3CE2134366B00FBB2C1 /* Frameworks */ = {
			isa = PBXFrameworksBuildPhase;
			buildActionMask = 2147483647;
			files = (
			);
			runOnlyForDeploymentPostprocessing = 0;
		};
/* End PBXFrameworksBuildPhase section */

/* Begin PBXGroup section */
		754BA3C82134366A00FBB2C1 = {
			isa = PBXGroup;
			children = (
				754BA3D32134366B00FBB2C1 /* ClientMLiOS */,
				754BA3D22134366B00FBB2C1 /* Products */,
			);
			sourceTree = "<group>";
		};
		754BA3D22134366B00FBB2C1 /* Products */ = {
			isa = PBXGroup;
			children = (
				754BA3D12134366B00FBB2C1 /* ClientMLiOS.app */,
			);
			name = Products;
			sourceTree = "<group>";
		};
		754BA3D32134366B00FBB2C1 /* ClientMLiOS */ = {
			isa = PBXGroup;
			children = (
				754BA3D42134366B00FBB2C1 /* AppDelegate.swift */,
				754BA3D62134366B00FBB2C1 /* ViewController.swift */,
				4CD1AE8C213537CD00B89B5D /* StatsView.swift */,
				4CD1AE8E21353BFB00B89B5D /* ButtonBag.swift */,
				4CD1AE92213549C500B89B5D /* ScoreCalculator.swift */,
				4CD1AE942136A0F800B89B5D /* ModelData.swift */,
				754BA3D82134366B00FBB2C1 /* Main.storyboard */,
				754BA3DB2134366D00FBB2C1 /* Assets.xcassets */,
				754BA3DD2134366D00FBB2C1 /* LaunchScreen.storyboard */,
				4CD1AE9A2137F1AE00B89B5D /* tags.json */,
				4CD1AE962136A22E00B89B5D /* model.json */,
				754BA3E02134366D00FBB2C1 /* Info.plist */,
			);
			path = ClientMLiOS;
			sourceTree = "<group>";
		};
/* End PBXGroup section */

/* Begin PBXNativeTarget section */
		754BA3D02134366B00FBB2C1 /* ClientMLiOS */ = {
			isa = PBXNativeTarget;
			buildConfigurationList = 754BA3E32134366D00FBB2C1 /* Build configuration list for PBXNativeTarget "ClientMLiOS" */;
			buildPhases = (
				754BA3CD2134366B00FBB2C1 /* Sources */,
				754BA3CE2134366B00FBB2C1 /* Frameworks */,
				754BA3CF2134366B00FBB2C1 /* Resources */,
			);
			buildRules = (
			);
			dependencies = (
			);
			name = ClientMLiOS;
			productName = ClientMLiOS;
			productReference = 754BA3D12134366B00FBB2C1 /* ClientMLiOS.app */;
			productType = "com.apple.product-type.application";
		};
/* End PBXNativeTarget section */

/* Begin PBXProject section */
		754BA3C92134366A00FBB2C1 /* Project object */ = {
			isa = PBXProject;
			attributes = {
				LastSwiftUpdateCheck = 0940;
				LastUpgradeCheck = 0940;
				ORGANIZATIONNAME = "Vidya Murthy";
				TargetAttributes = {
					754BA3D02134366B00FBB2C1 = {
						CreatedOnToolsVersion = 9.4.1;
					};
				};
			};
			buildConfigurationList = 754BA3CC2134366A00FBB2C1 /* Build configuration list for PBXProject "ClientMLiOS" */;
			compatibilityVersion = "Xcode 9.3";
			developmentRegion = en;
			hasScannedForEncodings = 0;
			knownRegions = (
				en,
				Base,
			);
			mainGroup = 754BA3C82134366A00FBB2C1;
			productRefGroup = 754BA3D22134366B00FBB2C1 /* Products */;
			projectDirPath = "";
			projectRoot = "";
			targets = (
				754BA3D02134366B00FBB2C1 /* ClientMLiOS */,
			);
		};
/* End PBXProject section */

/* Begin PBXResourcesBuildPhase section */
		754BA3CF2134366B00FBB2C1 /* Resources */ = {
			isa = PBXResourcesBuildPhase;
			buildActionMask = 2147483647;
			files = (
				754BA3DF2134366D00FBB2C1 /* LaunchScreen.storyboard in Resources */,
				754BA3DC2134366D00FBB2C1 /* Assets.xcassets in Resources */,
				4CD1AE9B2137F1AE00B89B5D /* tags.json in Resources */,
				754BA3DA2134366B00FBB2C1 /* Main.storyboard in Resources */,
				4CD1AE972136A22E00B89B5D /* model.json in Resources */,
			);
			runOnlyForDeploymentPostprocessing = 0;
		};
/* End PBXResourcesBuildPhase section */

/* Begin PBXSourcesBuildPhase section */
		754BA3CD2134366B00FBB2C1 /* Sources */ = {
			isa = PBXSourcesBuildPhase;
			buildActionMask = 2147483647;
			files = (
				4CD1AE93213549C500B89B5D /* ScoreCalculator.swift in Sources */,
				4CD1AE8F21353BFB00B89B5D /* ButtonBag.swift in Sources */,
				754BA3D72134366B00FBB2C1 /* ViewController.swift in Sources */,
				754BA3D52134366B00FBB2C1 /* AppDelegate.swift in Sources */,
				4CD1AE8D213537CD00B89B5D /* StatsView.swift in Sources */,
				4CD1AE952136A0F800B89B5D /* ModelData.swift in Sources */,
			);
			runOnlyForDeploymentPostprocessing = 0;
		};
/* End PBXSourcesBuildPhase section */

/* Begin PBXVariantGroup section */
		754BA3D82134366B00FBB2C1 /* Main.storyboard */ = {
			isa = PBXVariantGroup;
			children = (
				754BA3D92134366B00FBB2C1 /* Base */,
			);
			name = Main.storyboard;
			sourceTree = "<group>";
		};
		754BA3DD2134366D00FBB2C1 /* LaunchScreen.storyboard */ = {
			isa = PBXVariantGroup;
			children = (
				754BA3DE2134366D00FBB2C1 /* Base */,
			);
			name = LaunchScreen.storyboard;
			sourceTree = "<group>";
		};
/* End PBXVariantGroup section */

/* Begin XCBuildConfiguration section */
		754BA3E12134366D00FBB2C1 /* Debug */ = {
			isa = XCBuildConfiguration;
			buildSettings = {
				ALWAYS_SEARCH_USER_PATHS = NO;
				CLANG_ANALYZER_NONNULL = YES;
				CLANG_ANALYZER_NUMBER_OBJECT_CONVERSION = YES_AGGRESSIVE;
				CLANG_CXX_LANGUAGE_STANDARD = "gnu++14";
				CLANG_CXX_LIBRARY = "libc++";
				CLANG_ENABLE_MODULES = YES;
				CLANG_ENABLE_OBJC_ARC = YES;
				CLANG_ENABLE_OBJC_WEAK = YES;
				CLANG_WARN_BLOCK_CAPTURE_AUTORELEASING = YES;
				CLANG_WARN_BOOL_CONVERSION = YES;
				CLANG_WARN_COMMA = YES;
				CLANG_WARN_CONSTANT_CONVERSION = YES;
				CLANG_WARN_DEPRECATED_OBJC_IMPLEMENTATIONS = YES;
				CLANG_WARN_DIRECT_OBJC_ISA_USAGE = YES_ERROR;
				CLANG_WARN_DOCUMENTATION_COMMENTS = YES;
				CLANG_WARN_EMPTY_BODY = YES;
				CLANG_WARN_ENUM_CONVERSION = YES;
				CLANG_WARN_INFINITE_RECURSION = YES;
				CLANG_WARN_INT_CONVERSION = YES;
				CLANG_WARN_NON_LITERAL_NULL_CONVERSION = YES;
				CLANG_WARN_OBJC_IMPLICIT_RETAIN_SELF = YES;
				CLANG_WARN_OBJC_LITERAL_CONVERSION = YES;
				CLANG_WARN_OBJC_ROOT_CLASS = YES_ERROR;
				CLANG_WARN_RANGE_LOOP_ANALYSIS = YES;
				CLANG_WARN_STRICT_PROTOTYPES = YES;
				CLANG_WARN_SUSPICIOUS_MOVE = YES;
				CLANG_WARN_UNGUARDED_AVAILABILITY = YES_AGGRESSIVE;
				CLANG_WARN_UNREACHABLE_CODE = YES;
				CLANG_WARN__DUPLICATE_METHOD_MATCH = YES;
				CODE_SIGN_IDENTITY = "iPhone Developer";
				COPY_PHASE_STRIP = NO;
				DEBUG_INFORMATION_FORMAT = dwarf;
				ENABLE_STRICT_OBJC_MSGSEND = YES;
				ENABLE_TESTABILITY = YES;
				GCC_C_LANGUAGE_STANDARD = gnu11;
				GCC_DYNAMIC_NO_PIC = NO;
				GCC_NO_COMMON_BLOCKS = YES;
				GCC_OPTIMIZATION_LEVEL = 0;
				GCC_PREPROCESSOR_DEFINITIONS = (
					"DEBUG=1",
					"$(inherited)",
				);
				GCC_WARN_64_TO_32_BIT_CONVERSION = YES;
				GCC_WARN_ABOUT_RETURN_TYPE = YES_ERROR;
				GCC_WARN_UNDECLARED_SELECTOR = YES;
				GCC_WARN_UNINITIALIZED_AUTOS = YES_AGGRESSIVE;
				GCC_WARN_UNUSED_FUNCTION = YES;
				GCC_WARN_UNUSED_VARIABLE = YES;
				IPHONEOS_DEPLOYMENT_TARGET = 11.4;
				MTL_ENABLE_DEBUG_INFO = YES;
				ONLY_ACTIVE_ARCH = YES;
				SDKROOT = iphoneos;
				SWIFT_ACTIVE_COMPILATION_CONDITIONS = DEBUG;
				SWIFT_OPTIMIZATION_LEVEL = "-Onone";
			};
			name = Debug;
		};
		754BA3E22134366D00FBB2C1 /* Release */ = {
			isa = XCBuildConfiguration;
			buildSettings = {
				ALWAYS_SEARCH_USER_PATHS = NO;
				CLANG_ANALYZER_NONNULL = YES;
				CLANG_ANALYZER_NUMBER_OBJECT_CONVERSION = YES_AGGRESSIVE;
				CLANG_CXX_LANGUAGE_STANDARD = "gnu++14";
				CLANG_CXX_LIBRARY = "libc++";
				CLANG_ENABLE_MODULES = YES;
				CLANG_ENABLE_OBJC_ARC = YES;
				CLANG_ENABLE_OBJC_WEAK = YES;
				CLANG_WARN_BLOCK_CAPTURE_AUTORELEASING = YES;
				CLANG_WARN_BOOL_CONVERSION = YES;
				CLANG_WARN_COMMA = YES;
				CLANG_WARN_CONSTANT_CONVERSION = YES;
				CLANG_WARN_DEPRECATED_OBJC_IMPLEMENTATIONS = YES;
				CLANG_WARN_DIRECT_OBJC_ISA_USAGE = YES_ERROR;
				CLANG_WARN_DOCUMENTATION_COMMENTS = YES;
				CLANG_WARN_EMPTY_BODY = YES;
				CLANG_WARN_ENUM_CONVERSION = YES;
				CLANG_WARN_INFINITE_RECURSION = YES;
				CLANG_WARN_INT_CONVERSION = YES;
				CLANG_WARN_NON_LITERAL_NULL_CONVERSION = YES;
				CLANG_WARN_OBJC_IMPLICIT_RETAIN_SELF = YES;
				CLANG_WARN_OBJC_LITERAL_CONVERSION = YES;
				CLANG_WARN_OBJC_ROOT_CLASS = YES_ERROR;
				CLANG_WARN_RANGE_LOOP_ANALYSIS = YES;
				CLANG_WARN_STRICT_PROTOTYPES = YES;
				CLANG_WARN_SUSPICIOUS_MOVE = YES;
				CLANG_WARN_UNGUARDED_AVAILABILITY = YES_AGGRESSIVE;
				CLANG_WARN_UNREACHABLE_CODE = YES;
				CLANG_WARN__DUPLICATE_METHOD_MATCH = YES;
				CODE_SIGN_IDENTITY = "iPhone Developer";
				COPY_PHASE_STRIP = NO;
				DEBUG_INFORMATION_FORMAT = "dwarf-with-dsym";
				ENABLE_NS_ASSERTIONS = NO;
				ENABLE_STRICT_OBJC_MSGSEND = YES;
				GCC_C_LANGUAGE_STANDARD = gnu11;
				GCC_NO_COMMON_BLOCKS = YES;
				GCC_WARN_64_TO_32_BIT_CONVERSION = YES;
				GCC_WARN_ABOUT_RETURN_TYPE = YES_ERROR;
				GCC_WARN_UNDECLARED_SELECTOR = YES;
				GCC_WARN_UNINITIALIZED_AUTOS = YES_AGGRESSIVE;
				GCC_WARN_UNUSED_FUNCTION = YES;
				GCC_WARN_UNUSED_VARIABLE = YES;
				IPHONEOS_DEPLOYMENT_TARGET = 11.4;
				MTL_ENABLE_DEBUG_INFO = NO;
				SDKROOT = iphoneos;
				SWIFT_COMPILATION_MODE = wholemodule;
				SWIFT_OPTIMIZATION_LEVEL = "-O";
				VALIDATE_PRODUCT = YES;
			};
			name = Release;
		};
		754BA3E42134366D00FBB2C1 /* Debug */ = {
			isa = XCBuildConfiguration;
			buildSettings = {
				ASSETCATALOG_COMPILER_APPICON_NAME = AppIcon;
				CODE_SIGN_STYLE = Automatic;
				DEVELOPMENT_TEAM = ACXJUABDD6;
				INFOPLIST_FILE = ClientMLiOS/Info.plist;
				LD_RUNPATH_SEARCH_PATHS = (
					"$(inherited)",
					"@executable_path/Frameworks",
				);
				PRODUCT_BUNDLE_IDENTIFIER = Scout24.ClientMLiOS;
				PRODUCT_NAME = "$(TARGET_NAME)";
				SWIFT_VERSION = 4.0;
				TARGETED_DEVICE_FAMILY = "1,2";
			};
			name = Debug;
		};
		754BA3E52134366D00FBB2C1 /* Release */ = {
			isa = XCBuildConfiguration;
			buildSettings = {
				ASSETCATALOG_COMPILER_APPICON_NAME = AppIcon;
				CODE_SIGN_STYLE = Automatic;
				DEVELOPMENT_TEAM = ACXJUABDD6;
				INFOPLIST_FILE = ClientMLiOS/Info.plist;
				LD_RUNPATH_SEARCH_PATHS = (
					"$(inherited)",
					"@executable_path/Frameworks",
				);
				PRODUCT_BUNDLE_IDENTIFIER = Scout24.ClientMLiOS;
				PRODUCT_NAME = "$(TARGET_NAME)";
				SWIFT_VERSION = 4.0;
				TARGETED_DEVICE_FAMILY = "1,2";
			};
			name = Release;
		};
/* End XCBuildConfiguration section */

/* Begin XCConfigurationList section */
		754BA3CC2134366A00FBB2C1 /* Build configuration list for PBXProject "ClientMLiOS" */ = {
			isa = XCConfigurationList;
			buildConfigurations = (
				754BA3E12134366D00FBB2C1 /* Debug */,
				754BA3E22134366D00FBB2C1 /* Release */,
			);
			defaultConfigurationIsVisible = 0;
			defaultConfigurationName = Release;
		};
		754BA3E32134366D00FBB2C1 /* Build configuration list for PBXNativeTarget "ClientMLiOS" */ = {
			isa = XCConfigurationList;
			buildConfigurations = (
				754BA3E42134366D00FBB2C1 /* Debug */,
				754BA3E52134366D00FBB2C1 /* Release */,
			);
			defaultConfigurationIsVisible = 0;
			defaultConfigurationName = Release;
		};
/* End XCConfigurationList section */
	};
	rootObject = 754BA3C92134366A00FBB2C1 /* Project object */;
}
